
Microsoft Visual Studio Solution File, Format Version 12.00
# Visual Studio Version 16
VisualStudioVersion = 16.0.30907.101
MinimumVisualStudioVersion = 10.0.40219.1
Project("{FAE04EC0-301F-11D3-BF4B-00C04F79EFBC}") = "Two-fer", "Two-fer\Two-fer.csproj", "{03BEF1FC-953F-4DF0-B395-B26B2AA9BCCC}"
EndProject
Global
	GlobalSection(SolutionConfigurationPlatforms) = preSolution
		Debug|Any CPU = Debug|Any CPU
		Release|Any CPU = Release|Any CPU
	EndGlobalSection
	GlobalSection(ProjectConfigurationPlatforms) = postSolution
		{03BEF1FC-953F-4DF0-B395-B26B2AA9BCCC}.Debug|Any CPU.ActiveCfg = Debug|Any CPU
		{03BEF1FC-953F-4DF0-B395-B26B2AA9BCCC}.Debug|Any CPU.Build.0 = Debug|Any CPU
		{03BEF1FC-953F-4DF0-B395-B26B2AA9BCCC}.Release|Any CPU.ActiveCfg = Release|Any CPU
		{03BEF1FC-953F-4DF0-B395-B26B2AA9BCCC}.Release|Any CPU.Build.0 = Release|Any CPU
	EndGlobalSection
	GlobalSection(SolutionProperties) = preSolution
		HideSolutionNode = FALSE
	EndGlobalSection
	GlobalSection(ExtensibilityGlobals) = postSolution
		SolutionGuid = {7FC69293-B103-4A26-A8E4-5826C35A6B12}
	EndGlobalSection
EndGlobal
